
Microsoft Visual Studio Solution File, Format Version 11.00
# Visual Studio 2010
Project("{FAE04EC0-301F-11D3-BF4B-00C04F79EFBC}") = "Assembly-CSharp", "Assembly-CSharp.csproj", "{D2C370FE-ED0B-95DB-16BC-1BD09251CC82}"
EndProject
Project("{FAE04EC0-301F-11D3-BF4B-00C04F79EFBC}") = "Assembly-CSharp-Editor", "Assembly-CSharp-Editor.csproj", "{7A2EACAC-0017-DC31-73D5-7D7386E740E4}"
EndProject
Global
	GlobalSection(SolutionConfigurationPlatforms) = preSolution
		Debug|Any CPU = Debug|Any CPU
		Release|Any CPU = Release|Any CPU
	EndGlobalSection
	GlobalSection(ProjectConfigurationPlatforms) = postSolution
		{D2C370FE-ED0B-95DB-16BC-1BD09251CC82}.Debug|Any CPU.ActiveCfg = Debug|Any CPU
		{D2C370FE-ED0B-95DB-16BC-1BD09251CC82}.Debug|Any CPU.Build.0 = Debug|Any CPU
		{D2C370FE-ED0B-95DB-16BC-1BD09251CC82}.Release|Any CPU.ActiveCfg = Release|Any CPU
		{D2C370FE-ED0B-95DB-16BC-1BD09251CC82}.Release|Any CPU.Build.0 = Release|Any CPU
		{7A2EACAC-0017-DC31-73D5-7D7386E740E4}.Debug|Any CPU.ActiveCfg = Debug|Any CPU
		{7A2EACAC-0017-DC31-73D5-7D7386E740E4}.Debug|Any CPU.Build.0 = Debug|Any CPU
		{7A2EACAC-0017-DC31-73D5-7D7386E740E4}.Release|Any CPU.ActiveCfg = Release|Any CPU
		{7A2EACAC-0017-DC31-73D5-7D7386E740E4}.Release|Any CPU.Build.0 = Release|Any CPU
	EndGlobalSection
	GlobalSection(SolutionProperties) = preSolution
		HideSolutionNode = FALSE
	EndGlobalSection
	GlobalSection(MonoDevelopProperties) = preSolution
		StartupItem = Assembly-CSharp.csproj
	EndGlobalSection
EndGlobal
